
Microsoft Visual Studio Solution File, Format Version 12.00
# Visual Studio Version 16
VisualStudioVersion = 16.0.31321.278
MinimumVisualStudioVersion = 10.0.40219.1
Project("{FAE04EC0-301F-11D3-BF4B-00C04F79EFBC}") = "FIFA", "FIFA\FIFA.csproj", "{CC082163-3981-4058-B805-665471A67A96}"
EndProject
Global
	GlobalSection(SolutionConfigurationPlatforms) = preSolution
		Debug|Any CPU = Debug|Any CPU
		Release|Any CPU = Release|Any CPU
	EndGlobalSection
	GlobalSection(ProjectConfigurationPlatforms) = postSolution
		{CC082163-3981-4058-B805-665471A67A96}.Debug|Any CPU.ActiveCfg = Debug|Any CPU
		{CC082163-3981-4058-B805-665471A67A96}.Debug|Any CPU.Build.0 = Debug|Any CPU
		{CC082163-3981-4058-B805-665471A67A96}.Release|Any CPU.ActiveCfg = Release|Any CPU
		{CC082163-3981-4058-B805-665471A67A96}.Release|Any CPU.Build.0 = Release|Any CPU
	EndGlobalSection
	GlobalSection(SolutionProperties) = preSolution
		HideSolutionNode = FALSE
	EndGlobalSection
	GlobalSection(ExtensibilityGlobals) = postSolution
		SolutionGuid = {445289B0-6D6E-4CCE-BE70-F641299A3E28}
	EndGlobalSection
EndGlobal
